
Microsoft Visual Studio Solution File, Format Version 12.00
# Visual Studio 15
VisualStudioVersion = 15.0.26730.15
MinimumVisualStudioVersion = 10.0.40219.1
Project("{9A19103F-16F7-4668-BE54-9A1E7A4F7556}") = "DewTypes", "DewTypes\DewTypes.csproj", "{785C13E5-9C6A-4E89-8DD0-EA821A6443DC}"
EndProject
Project("{FAE04EC0-301F-11D3-BF4B-00C04F79EFBC}") = "Example", "Example\Example.csproj", "{3881501B-C106-4C5D-B885-A194BABB7C24}"
EndProject
Global
	GlobalSection(SolutionConfigurationPlatforms) = preSolution
		Debug|Any CPU = Debug|Any CPU
		Release|Any CPU = Release|Any CPU
	EndGlobalSection
	GlobalSection(ProjectConfigurationPlatforms) = postSolution
		{785C13E5-9C6A-4E89-8DD0-EA821A6443DC}.Debug|Any CPU.ActiveCfg = Debug|Any CPU
		{785C13E5-9C6A-4E89-8DD0-EA821A6443DC}.Debug|Any CPU.Build.0 = Debug|Any CPU
		{785C13E5-9C6A-4E89-8DD0-EA821A6443DC}.Release|Any CPU.ActiveCfg = Release|Any CPU
		{785C13E5-9C6A-4E89-8DD0-EA821A6443DC}.Release|Any CPU.Build.0 = Release|Any CPU
		{3881501B-C106-4C5D-B885-A194BABB7C24}.Debug|Any CPU.ActiveCfg = Debug|Any CPU
		{3881501B-C106-4C5D-B885-A194BABB7C24}.Debug|Any CPU.Build.0 = Debug|Any CPU
		{3881501B-C106-4C5D-B885-A194BABB7C24}.Release|Any CPU.ActiveCfg = Release|Any CPU
		{3881501B-C106-4C5D-B885-A194BABB7C24}.Release|Any CPU.Build.0 = Release|Any CPU
	EndGlobalSection
	GlobalSection(SolutionProperties) = preSolution
		HideSolutionNode = FALSE
	EndGlobalSection
	GlobalSection(ExtensibilityGlobals) = postSolution
		SolutionGuid = {E5C060BF-1C0E-418D-89BE-3319738AC5DA}
	EndGlobalSection
EndGlobal
